
Microsoft Visual Studio Solution File, Format Version 12.00
# Visual Studio Version 16
VisualStudioVersion = 16.0.31702.278
MinimumVisualStudioVersion = 10.0.40219.1
Project("{8BC9CEB8-8B4A-11D0-8D11-00A0C91BC942}") = "Animals__", "Animals__\Animals__.vcxproj", "{82EDA420-D230-4933-A798-C25B364AE0E7}"
EndProject
Global
	GlobalSection(SolutionConfigurationPlatforms) = preSolution
		Debug|x64 = Debug|x64
		Debug|x86 = Debug|x86
		Release|x64 = Release|x64
		Release|x86 = Release|x86
	EndGlobalSection
	GlobalSection(ProjectConfigurationPlatforms) = postSolution
		{82EDA420-D230-4933-A798-C25B364AE0E7}.Debug|x64.ActiveCfg = Debug|x64
		{82EDA420-D230-4933-A798-C25B364AE0E7}.Debug|x64.Build.0 = Debug|x64
		{82EDA420-D230-4933-A798-C25B364AE0E7}.Debug|x86.ActiveCfg = Debug|Win32
		{82EDA420-D230-4933-A798-C25B364AE0E7}.Debug|x86.Build.0 = Debug|Win32
		{82EDA420-D230-4933-A798-C25B364AE0E7}.Release|x64.ActiveCfg = Release|x64
		{82EDA420-D230-4933-A798-C25B364AE0E7}.Release|x64.Build.0 = Release|x64
		{82EDA420-D230-4933-A798-C25B364AE0E7}.Release|x86.ActiveCfg = Release|Win32
		{82EDA420-D230-4933-A798-C25B364AE0E7}.Release|x86.Build.0 = Release|Win32
	EndGlobalSection
	GlobalSection(SolutionProperties) = preSolution
		HideSolutionNode = FALSE
	EndGlobalSection
	GlobalSection(ExtensibilityGlobals) = postSolution
		SolutionGuid = {4E9537F5-9411-4276-980B-63F2730077A9}
	EndGlobalSection
EndGlobal
